// !$*UTF8*$!
{
	archiveVersion = 1;
	classes = {
	};
	objectVersion = 55;
	objects = {

/* Begin PBXBuildFile section */
		ECB913D22A692C2300E4B698 /* AppDelegate.swift in Sources */ = {isa = PBXBuildFile; fileRef = ECB913D12A692C2300E4B698 /* AppDelegate.swift */; };
		ECB913D42A692C2300E4B698 /* SceneDelegate.swift in Sources */ = {isa = PBXBuildFile; fileRef = ECB913D32A692C2300E4B698 /* SceneDelegate.swift */; };
		ECB913D62A692C2300E4B698 /* ChatListViewController.swift in Sources */ = {isa = PBXBuildFile; fileRef = ECB913D52A692C2300E4B698 /* ChatListViewController.swift */; };
		ECB913D92A692C2300E4B698 /* Main.storyboard in Resources */ = {isa = PBXBuildFile; fileRef = ECB913D72A692C2300E4B698 /* Main.storyboard */; };
		ECB913DB2A692C2600E4B698 /* Assets.xcassets in Resources */ = {isa = PBXBuildFile; fileRef = ECB913DA2A692C2600E4B698 /* Assets.xcassets */; };
		ECB913EC2A692C7900E4B698 /* ChatList.swift in Sources */ = {isa = PBXBuildFile; fileRef = ECB913EB2A692C7900E4B698 /* ChatList.swift */; };
		ECB913F72A69303000E4B698 /* LoginViewController.swift in Sources */ = {isa = PBXBuildFile; fileRef = ECB913F62A69303000E4B698 /* LoginViewController.swift */; };
		ECB913F92A69304800E4B698 /* AuthViewModel.swift in Sources */ = {isa = PBXBuildFile; fileRef = ECB913F82A69304800E4B698 /* AuthViewModel.swift */; };
		ECB914032A6A8CC200E4B698 /* FirebaseAuth in Frameworks */ = {isa = PBXBuildFile; productRef = ECB914022A6A8CC200E4B698 /* FirebaseAuth */; };
		ECB914052A6A8CC200E4B698 /* FirebaseDatabase in Frameworks */ = {isa = PBXBuildFile; productRef = ECB914042A6A8CC200E4B698 /* FirebaseDatabase */; };
		ECB914072A6A8CC200E4B698 /* FirebaseDatabaseSwift in Frameworks */ = {isa = PBXBuildFile; productRef = ECB914062A6A8CC200E4B698 /* FirebaseDatabaseSwift */; };
		ECB914092A6A8CC200E4B698 /* FirebaseFirestore in Frameworks */ = {isa = PBXBuildFile; productRef = ECB914082A6A8CC200E4B698 /* FirebaseFirestore */; };
		ECB9140B2A6A8CC200E4B698 /* FirebaseFirestoreSwift in Frameworks */ = {isa = PBXBuildFile; productRef = ECB9140A2A6A8CC200E4B698 /* FirebaseFirestoreSwift */; };
		ECB9140D2A6A8CC200E4B698 /* FirebaseStorage in Frameworks */ = {isa = PBXBuildFile; productRef = ECB9140C2A6A8CC200E4B698 /* FirebaseStorage */; };
		ECB9140F2A6A8D7400E4B698 /* AuthServiceProtocol.swift in Sources */ = {isa = PBXBuildFile; fileRef = ECB9140E2A6A8D7400E4B698 /* AuthServiceProtocol.swift */; };
		ECB914112A6A8D9300E4B698 /* AuthService.swift in Sources */ = {isa = PBXBuildFile; fileRef = ECB914102A6A8D9300E4B698 /* AuthService.swift */; };
		ECB914132A6A8DBE00E4B698 /* User.swift in Sources */ = {isa = PBXBuildFile; fileRef = ECB914122A6A8DBE00E4B698 /* User.swift */; };
		ECB914162A6AA98A00E4B698 /* UIKit+Extensions.swift in Sources */ = {isa = PBXBuildFile; fileRef = ECB914152A6AA98A00E4B698 /* UIKit+Extensions.swift */; };
		ECB914182A6AAB3D00E4B698 /* LoginViewModel.swift in Sources */ = {isa = PBXBuildFile; fileRef = ECB914172A6AAB3D00E4B698 /* LoginViewModel.swift */; };
		ECB9141A2A6AAB5000E4B698 /* Dynamic.swift in Sources */ = {isa = PBXBuildFile; fileRef = ECB914192A6AAB5000E4B698 /* Dynamic.swift */; };
		ECB9141C2A6AB05000E4B698 /* GoogleService-Info.plist in Resources */ = {isa = PBXBuildFile; fileRef = ECB9141B2A6AB05000E4B698 /* GoogleService-Info.plist */; };
/* End PBXBuildFile section */

/* Begin PBXContainerItemProxy section */
		ECB913ED2A692C7900E4B698 /* PBXContainerItemProxy */ = {
			isa = PBXContainerItemProxy;
			containerPortal = ECB913C62A692C2300E4B698 /* Project object */;
			proxyType = 1;
			remoteGlobalIDString = ECB913CD2A692C2300E4B698;
			remoteInfo = ChatApp;
		};
/* End PBXContainerItemProxy section */

/* Begin PBXFileReference section */
		ECB913CE2A692C2300E4B698 /* ChatApp.app */ = {isa = PBXFileReference; explicitFileType = wrapper.application; includeInIndex = 0; path = ChatApp.app; sourceTree = BUILT_PRODUCTS_DIR; };
		ECB913D12A692C2300E4B698 /* AppDelegate.swift */ = {isa = PBXFileReference; lastKnownFileType = sourcecode.swift; path = AppDelegate.swift; sourceTree = "<group>"; };
		ECB913D32A692C2300E4B698 /* SceneDelegate.swift */ = {isa = PBXFileReference; lastKnownFileType = sourcecode.swift; path = SceneDelegate.swift; sourceTree = "<group>"; };
		ECB913D52A692C2300E4B698 /* ChatListViewController.swift */ = {isa = PBXFileReference; lastKnownFileType = sourcecode.swift; path = ChatListViewController.swift; sourceTree = "<group>"; };
		ECB913D82A692C2300E4B698 /* Base */ = {isa = PBXFileReference; lastKnownFileType = file.storyboard; name = Base; path = Base.lproj/Main.storyboard; sourceTree = "<group>"; };
		ECB913DA2A692C2600E4B698 /* Assets.xcassets */ = {isa = PBXFileReference; lastKnownFileType = folder.assetcatalog; path = Assets.xcassets; sourceTree = "<group>"; };
		ECB913DF2A692C2600E4B698 /* Info.plist */ = {isa = PBXFileReference; lastKnownFileType = text.plist.xml; path = Info.plist; sourceTree = "<group>"; };
		ECB913E92A692C7900E4B698 /* ChatList.xctest */ = {isa = PBXFileReference; explicitFileType = wrapper.cfbundle; includeInIndex = 0; path = ChatList.xctest; sourceTree = BUILT_PRODUCTS_DIR; };
		ECB913EB2A692C7900E4B698 /* ChatList.swift */ = {isa = PBXFileReference; lastKnownFileType = sourcecode.swift; path = ChatList.swift; sourceTree = "<group>"; };
		ECB913F62A69303000E4B698 /* LoginViewController.swift */ = {isa = PBXFileReference; lastKnownFileType = sourcecode.swift; path = LoginViewController.swift; sourceTree = "<group>"; };
		ECB913F82A69304800E4B698 /* AuthViewModel.swift */ = {isa = PBXFileReference; lastKnownFileType = sourcecode.swift; path = AuthViewModel.swift; sourceTree = "<group>"; };
		ECB9140E2A6A8D7400E4B698 /* AuthServiceProtocol.swift */ = {isa = PBXFileReference; lastKnownFileType = sourcecode.swift; path = AuthServiceProtocol.swift; sourceTree = "<group>"; };
		ECB914102A6A8D9300E4B698 /* AuthService.swift */ = {isa = PBXFileReference; lastKnownFileType = sourcecode.swift; path = AuthService.swift; sourceTree = "<group>"; };
		ECB914122A6A8DBE00E4B698 /* User.swift */ = {isa = PBXFileReference; lastKnownFileType = sourcecode.swift; path = User.swift; sourceTree = "<group>"; };
		ECB914152A6AA98A00E4B698 /* UIKit+Extensions.swift */ = {isa = PBXFileReference; lastKnownFileType = sourcecode.swift; path = "UIKit+Extensions.swift"; sourceTree = "<group>"; };
		ECB914172A6AAB3D00E4B698 /* LoginViewModel.swift */ = {isa = PBXFileReference; lastKnownFileType = sourcecode.swift; path = LoginViewModel.swift; sourceTree = "<group>"; };
		ECB914192A6AAB5000E4B698 /* Dynamic.swift */ = {isa = PBXFileReference; lastKnownFileType = sourcecode.swift; path = Dynamic.swift; sourceTree = "<group>"; };
		ECB9141B2A6AB05000E4B698 /* GoogleService-Info.plist */ = {isa = PBXFileReference; fileEncoding = 4; lastKnownFileType = text.plist.xml; path = "GoogleService-Info.plist"; sourceTree = "<group>"; };
/* End PBXFileReference section */

/* Begin PBXFrameworksBuildPhase section */
		ECB913CB2A692C2300E4B698 /* Frameworks */ = {
			isa = PBXFrameworksBuildPhase;
			buildActionMask = 2147483647;
			files = (
				ECB914072A6A8CC200E4B698 /* FirebaseDatabaseSwift in Frameworks */,
				ECB914032A6A8CC200E4B698 /* FirebaseAuth in Frameworks */,
				ECB9140B2A6A8CC200E4B698 /* FirebaseFirestoreSwift in Frameworks */,
				ECB914052A6A8CC200E4B698 /* FirebaseDatabase in Frameworks */,
				ECB9140D2A6A8CC200E4B698 /* FirebaseStorage in Frameworks */,
				ECB914092A6A8CC200E4B698 /* FirebaseFirestore in Frameworks */,
			);
			runOnlyForDeploymentPostprocessing = 0;
		};
		ECB913E62A692C7900E4B698 /* Frameworks */ = {
			isa = PBXFrameworksBuildPhase;
			buildActionMask = 2147483647;
			files = (
			);
			runOnlyForDeploymentPostprocessing = 0;
		};
/* End PBXFrameworksBuildPhase section */

/* Begin PBXGroup section */
		ECB913C52A692C2300E4B698 = {
			isa = PBXGroup;
			children = (
				ECB913D02A692C2300E4B698 /* ChatApp */,
				ECB913F42A692D2A00E4B698 /* ViewModel */,
				ECB913F52A692D7C00E4B698 /* Resources */,
				ECB913EA2A692C7900E4B698 /* ChatList */,
				ECB913CF2A692C2300E4B698 /* Products */,
			);
			sourceTree = "<group>";
		};
		ECB913CF2A692C2300E4B698 /* Products */ = {
			isa = PBXGroup;
			children = (
				ECB913CE2A692C2300E4B698 /* ChatApp.app */,
				ECB913E92A692C7900E4B698 /* ChatList.xctest */,
			);
			name = Products;
			sourceTree = "<group>";
		};
		ECB913D02A692C2300E4B698 /* ChatApp */ = {
			isa = PBXGroup;
			children = (
				ECB913DF2A692C2600E4B698 /* Info.plist */,
				ECB914142A6AA97D00E4B698 /* Extensions */,
				ECB913F32A692CF800E4B698 /* Model */,
				ECB913F22A692CEE00E4B698 /* View */,
			);
			path = ChatApp;
			sourceTree = "<group>";
		};
		ECB913EA2A692C7900E4B698 /* ChatList */ = {
			isa = PBXGroup;
			children = (
				ECB913EB2A692C7900E4B698 /* ChatList.swift */,
			);
			path = ChatList;
			sourceTree = "<group>";
		};
		ECB913F22A692CEE00E4B698 /* View */ = {
			isa = PBXGroup;
			children = (
				ECB913F62A69303000E4B698 /* LoginViewController.swift */,
				ECB913D52A692C2300E4B698 /* ChatListViewController.swift */,
				ECB913D72A692C2300E4B698 /* Main.storyboard */,
			);
			path = View;
			sourceTree = "<group>";
		};
		ECB913F32A692CF800E4B698 /* Model */ = {
			isa = PBXGroup;
			children = (
				ECB914122A6A8DBE00E4B698 /* User.swift */,
			);
			path = Model;
			sourceTree = "<group>";
		};
		ECB913F42A692D2A00E4B698 /* ViewModel */ = {
			isa = PBXGroup;
			children = (
				ECB913F82A69304800E4B698 /* AuthViewModel.swift */,
				ECB9140E2A6A8D7400E4B698 /* AuthServiceProtocol.swift */,
				ECB914102A6A8D9300E4B698 /* AuthService.swift */,
				ECB914172A6AAB3D00E4B698 /* LoginViewModel.swift */,
				ECB914192A6AAB5000E4B698 /* Dynamic.swift */,
			);
			path = ViewModel;
			sourceTree = "<group>";
		};
		ECB913F52A692D7C00E4B698 /* Resources */ = {
			isa = PBXGroup;
			children = (
				ECB9141B2A6AB05000E4B698 /* GoogleService-Info.plist */,
				ECB913D32A692C2300E4B698 /* SceneDelegate.swift */,
				ECB913D12A692C2300E4B698 /* AppDelegate.swift */,
				ECB913DA2A692C2600E4B698 /* Assets.xcassets */,
			);
			path = Resources;
			sourceTree = "<group>";
		};
		ECB914142A6AA97D00E4B698 /* Extensions */ = {
			isa = PBXGroup;
			children = (
				ECB914152A6AA98A00E4B698 /* UIKit+Extensions.swift */,
			);
			path = Extensions;
			sourceTree = "<group>";
		};
/* End PBXGroup section */

/* Begin PBXNativeTarget section */
		ECB913CD2A692C2300E4B698 /* ChatApp */ = {
			isa = PBXNativeTarget;
			buildConfigurationList = ECB913E22A692C2600E4B698 /* Build configuration list for PBXNativeTarget "ChatApp" */;
			buildPhases = (
				ECB913CA2A692C2300E4B698 /* Sources */,
				ECB913CB2A692C2300E4B698 /* Frameworks */,
				ECB913CC2A692C2300E4B698 /* Resources */,
			);
			buildRules = (
			);
			dependencies = (
			);
			name = ChatApp;
			packageProductDependencies = (
				ECB914022A6A8CC200E4B698 /* FirebaseAuth */,
				ECB914042A6A8CC200E4B698 /* FirebaseDatabase */,
				ECB914062A6A8CC200E4B698 /* FirebaseDatabaseSwift */,
				ECB914082A6A8CC200E4B698 /* FirebaseFirestore */,
				ECB9140A2A6A8CC200E4B698 /* FirebaseFirestoreSwift */,
				ECB9140C2A6A8CC200E4B698 /* FirebaseStorage */,
			);
			productName = ChatApp;
			productReference = ECB913CE2A692C2300E4B698 /* ChatApp.app */;
			productType = "com.apple.product-type.application";
		};
		ECB913E82A692C7900E4B698 /* ChatList */ = {
			isa = PBXNativeTarget;
			buildConfigurationList = ECB913EF2A692C7900E4B698 /* Build configuration list for PBXNativeTarget "ChatList" */;
			buildPhases = (
				ECB913E52A692C7900E4B698 /* Sources */,
				ECB913E62A692C7900E4B698 /* Frameworks */,
				ECB913E72A692C7900E4B698 /* Resources */,
			);
			buildRules = (
			);
			dependencies = (
				ECB913EE2A692C7900E4B698 /* PBXTargetDependency */,
			);
			name = ChatList;
			productName = ChatList;
			productReference = ECB913E92A692C7900E4B698 /* ChatList.xctest */;
			productType = "com.apple.product-type.bundle.unit-test";
		};
/* End PBXNativeTarget section */

/* Begin PBXProject section */
		ECB913C62A692C2300E4B698 /* Project object */ = {
			isa = PBXProject;
			attributes = {
				BuildIndependentTargetsInParallel = 1;
				LastSwiftUpdateCheck = 1340;
				LastUpgradeCheck = 1340;
				TargetAttributes = {
					ECB913CD2A692C2300E4B698 = {
						CreatedOnToolsVersion = 13.4.1;
					};
					ECB913E82A692C7900E4B698 = {
						CreatedOnToolsVersion = 13.4.1;
						TestTargetID = ECB913CD2A692C2300E4B698;
					};
				};
			};
			buildConfigurationList = ECB913C92A692C2300E4B698 /* Build configuration list for PBXProject "ChatApp" */;
			compatibilityVersion = "Xcode 13.0";
			developmentRegion = en;
			hasScannedForEncodings = 0;
			knownRegions = (
				en,
				Base,
			);
			mainGroup = ECB913C52A692C2300E4B698;
			packageReferences = (
				ECB914012A6A8CC200E4B698 /* XCRemoteSwiftPackageReference "firebase-ios-sdk" */,
			);
			productRefGroup = ECB913CF2A692C2300E4B698 /* Products */;
			projectDirPath = "";
			projectRoot = "";
			targets = (
				ECB913CD2A692C2300E4B698 /* ChatApp */,
				ECB913E82A692C7900E4B698 /* ChatList */,
			);
		};
/* End PBXProject section */

/* Begin PBXResourcesBuildPhase section */
		ECB913CC2A692C2300E4B698 /* Resources */ = {
			isa = PBXResourcesBuildPhase;
			buildActionMask = 2147483647;
			files = (
				ECB913DB2A692C2600E4B698 /* Assets.xcassets in Resources */,
				ECB913D92A692C2300E4B698 /* Main.storyboard in Resources */,
				ECB9141C2A6AB05000E4B698 /* GoogleService-Info.plist in Resources */,
			);
			runOnlyForDeploymentPostprocessing = 0;
		};
		ECB913E72A692C7900E4B698 /* Resources */ = {
			isa = PBXResourcesBuildPhase;
			buildActionMask = 2147483647;
			files = (
			);
			runOnlyForDeploymentPostprocessing = 0;
		};
/* End PBXResourcesBuildPhase section */

/* Begin PBXSourcesBuildPhase section */
		ECB913CA2A692C2300E4B698 /* Sources */ = {
			isa = PBXSourcesBuildPhase;
			buildActionMask = 2147483647;
			files = (
				ECB913F92A69304800E4B698 /* AuthViewModel.swift in Sources */,
				ECB913F72A69303000E4B698 /* LoginViewController.swift in Sources */,
				ECB913D62A692C2300E4B698 /* ChatListViewController.swift in Sources */,
				ECB9140F2A6A8D7400E4B698 /* AuthServiceProtocol.swift in Sources */,
				ECB914132A6A8DBE00E4B698 /* User.swift in Sources */,
				ECB914162A6AA98A00E4B698 /* UIKit+Extensions.swift in Sources */,
				ECB913D22A692C2300E4B698 /* AppDelegate.swift in Sources */,
				ECB9141A2A6AAB5000E4B698 /* Dynamic.swift in Sources */,
				ECB913D42A692C2300E4B698 /* SceneDelegate.swift in Sources */,
				ECB914182A6AAB3D00E4B698 /* LoginViewModel.swift in Sources */,
				ECB914112A6A8D9300E4B698 /* AuthService.swift in Sources */,
			);
			runOnlyForDeploymentPostprocessing = 0;
		};
		ECB913E52A692C7900E4B698 /* Sources */ = {
			isa = PBXSourcesBuildPhase;
			buildActionMask = 2147483647;
			files = (
				ECB913EC2A692C7900E4B698 /* ChatList.swift in Sources */,
			);
			runOnlyForDeploymentPostprocessing = 0;
		};
/* End PBXSourcesBuildPhase section */

/* Begin PBXTargetDependency section */
		ECB913EE2A692C7900E4B698 /* PBXTargetDependency */ = {
			isa = PBXTargetDependency;
			target = ECB913CD2A692C2300E4B698 /* ChatApp */;
			targetProxy = ECB913ED2A692C7900E4B698 /* PBXContainerItemProxy */;
		};
/* End PBXTargetDependency section */

/* Begin PBXVariantGroup section */
		ECB913D72A692C2300E4B698 /* Main.storyboard */ = {
			isa = PBXVariantGroup;
			children = (
				ECB913D82A692C2300E4B698 /* Base */,
			);
			name = Main.storyboard;
			sourceTree = "<group>";
		};
/* End PBXVariantGroup section */

/* Begin XCBuildConfiguration section */
		ECB913E02A692C2600E4B698 /* Debug */ = {
			isa = XCBuildConfiguration;
			buildSettings = {
				ALWAYS_SEARCH_USER_PATHS = NO;
				CLANG_ANALYZER_NONNULL = YES;
				CLANG_ANALYZER_NUMBER_OBJECT_CONVERSION = YES_AGGRESSIVE;
				CLANG_CXX_LANGUAGE_STANDARD = "gnu++17";
				CLANG_ENABLE_MODULES = YES;
				CLANG_ENABLE_OBJC_ARC = YES;
				CLANG_ENABLE_OBJC_WEAK = YES;
				CLANG_WARN_BLOCK_CAPTURE_AUTORELEASING = YES;
				CLANG_WARN_BOOL_CONVERSION = YES;
				CLANG_WARN_COMMA = YES;
				CLANG_WARN_CONSTANT_CONVERSION = YES;
				CLANG_WARN_DEPRECATED_OBJC_IMPLEMENTATIONS = YES;
				CLANG_WARN_DIRECT_OBJC_ISA_USAGE = YES_ERROR;
				CLANG_WARN_DOCUMENTATION_COMMENTS = YES;
				CLANG_WARN_EMPTY_BODY = YES;
				CLANG_WARN_ENUM_CONVERSION = YES;
				CLANG_WARN_INFINITE_RECURSION = YES;
				CLANG_WARN_INT_CONVERSION = YES;
				CLANG_WARN_NON_LITERAL_NULL_CONVERSION = YES;
				CLANG_WARN_OBJC_IMPLICIT_RETAIN_SELF = YES;
				CLANG_WARN_OBJC_LITERAL_CONVERSION = YES;
				CLANG_WARN_OBJC_ROOT_CLASS = YES_ERROR;
				CLANG_WARN_QUOTED_INCLUDE_IN_FRAMEWORK_HEADER = YES;
				CLANG_WARN_RANGE_LOOP_ANALYSIS = YES;
				CLANG_WARN_STRICT_PROTOTYPES = YES;
				CLANG_WARN_SUSPICIOUS_MOVE = YES;
				CLANG_WARN_UNGUARDED_AVAILABILITY = YES_AGGRESSIVE;
				CLANG_WARN_UNREACHABLE_CODE = YES;
				CLANG_WARN__DUPLICATE_METHOD_MATCH = YES;
				COPY_PHASE_STRIP = NO;
				DEBUG_INFORMATION_FORMAT = dwarf;
				ENABLE_STRICT_OBJC_MSGSEND = YES;
				ENABLE_TESTABILITY = YES;
				GCC_C_LANGUAGE_STANDARD = gnu11;
				GCC_DYNAMIC_NO_PIC = NO;
				GCC_NO_COMMON_BLOCKS = YES;
				GCC_OPTIMIZATION_LEVEL = 0;
				GCC_PREPROCESSOR_DEFINITIONS = (
					"DEBUG=1",
					"$(inherited)",
				);
				GCC_WARN_64_TO_32_BIT_CONVERSION = YES;
				GCC_WARN_ABOUT_RETURN_TYPE = YES_ERROR;
				GCC_WARN_UNDECLARED_SELECTOR = YES;
				GCC_WARN_UNINITIALIZED_AUTOS = YES_AGGRESSIVE;
				GCC_WARN_UNUSED_FUNCTION = YES;
				GCC_WARN_UNUSED_VARIABLE = YES;
				IPHONEOS_DEPLOYMENT_TARGET = 15.5;
				MTL_ENABLE_DEBUG_INFO = INCLUDE_SOURCE;
				MTL_FAST_MATH = YES;
				ONLY_ACTIVE_ARCH = YES;
				SDKROOT = iphoneos;
				SWIFT_ACTIVE_COMPILATION_CONDITIONS = DEBUG;
				SWIFT_OPTIMIZATION_LEVEL = "-Onone";
			};
			name = Debug;
		};
		ECB913E12A692C2600E4B698 /* Release */ = {
			isa = XCBuildConfiguration;
			buildSettings = {
				ALWAYS_SEARCH_USER_PATHS = NO;
				CLANG_ANALYZER_NONNULL = YES;
				CLANG_ANALYZER_NUMBER_OBJECT_CONVERSION = YES_AGGRESSIVE;
				CLANG_CXX_LANGUAGE_STANDARD = "gnu++17";
				CLANG_ENABLE_MODULES = YES;
				CLANG_ENABLE_OBJC_ARC = YES;
				CLANG_ENABLE_OBJC_WEAK = YES;
				CLANG_WARN_BLOCK_CAPTURE_AUTORELEASING = YES;
				CLANG_WARN_BOOL_CONVERSION = YES;
				CLANG_WARN_COMMA = YES;
				CLANG_WARN_CONSTANT_CONVERSION = YES;
				CLANG_WARN_DEPRECATED_OBJC_IMPLEMENTATIONS = YES;
				CLANG_WARN_DIRECT_OBJC_ISA_USAGE = YES_ERROR;
				CLANG_WARN_DOCUMENTATION_COMMENTS = YES;
				CLANG_WARN_EMPTY_BODY = YES;
				CLANG_WARN_ENUM_CONVERSION = YES;
				CLANG_WARN_INFINITE_RECURSION = YES;
				CLANG_WARN_INT_CONVERSION = YES;
				CLANG_WARN_NON_LITERAL_NULL_CONVERSION = YES;
				CLANG_WARN_OBJC_IMPLICIT_RETAIN_SELF = YES;
				CLANG_WARN_OBJC_LITERAL_CONVERSION = YES;
				CLANG_WARN_OBJC_ROOT_CLASS = YES_ERROR;
				CLANG_WARN_QUOTED_INCLUDE_IN_FRAMEWORK_HEADER = YES;
				CLANG_WARN_RANGE_LOOP_ANALYSIS = YES;
				CLANG_WARN_STRICT_PROTOTYPES = YES;
				CLANG_WARN_SUSPICIOUS_MOVE = YES;
				CLANG_WARN_UNGUARDED_AVAILABILITY = YES_AGGRESSIVE;
				CLANG_WARN_UNREACHABLE_CODE = YES;
				CLANG_WARN__DUPLICATE_METHOD_MATCH = YES;
				COPY_PHASE_STRIP = NO;
				DEBUG_INFORMATION_FORMAT = "dwarf-with-dsym";
				ENABLE_NS_ASSERTIONS = NO;
				ENABLE_STRICT_OBJC_MSGSEND = YES;
				GCC_C_LANGUAGE_STANDARD = gnu11;
				GCC_NO_COMMON_BLOCKS = YES;
				GCC_WARN_64_TO_32_BIT_CONVERSION = YES;
				GCC_WARN_ABOUT_RETURN_TYPE = YES_ERROR;
				GCC_WARN_UNDECLARED_SELECTOR = YES;
				GCC_WARN_UNINITIALIZED_AUTOS = YES_AGGRESSIVE;
				GCC_WARN_UNUSED_FUNCTION = YES;
				GCC_WARN_UNUSED_VARIABLE = YES;
				IPHONEOS_DEPLOYMENT_TARGET = 15.5;
				MTL_ENABLE_DEBUG_INFO = NO;
				MTL_FAST_MATH = YES;
				SDKROOT = iphoneos;
				SWIFT_COMPILATION_MODE = wholemodule;
				SWIFT_OPTIMIZATION_LEVEL = "-O";
				VALIDATE_PRODUCT = YES;
			};
			name = Release;
		};
		ECB913E32A692C2600E4B698 /* Debug */ = {
			isa = XCBuildConfiguration;
			buildSettings = {
				ASSETCATALOG_COMPILER_APPICON_NAME = AppIcon;
				ASSETCATALOG_COMPILER_GLOBAL_ACCENT_COLOR_NAME = AccentColor;
				CODE_SIGN_STYLE = Automatic;
				CURRENT_PROJECT_VERSION = 1;
				GENERATE_INFOPLIST_FILE = YES;
				INFOPLIST_FILE = ChatApp/Info.plist;
				INFOPLIST_KEY_UIApplicationSupportsIndirectInputEvents = YES;
				INFOPLIST_KEY_UILaunchStoryboardName = Main;
				INFOPLIST_KEY_UIMainStoryboardFile = Main;
				INFOPLIST_KEY_UISupportedInterfaceOrientations_iPad = "UIInterfaceOrientationPortrait UIInterfaceOrientationPortraitUpsideDown UIInterfaceOrientationLandscapeLeft UIInterfaceOrientationLandscapeRight";
				INFOPLIST_KEY_UISupportedInterfaceOrientations_iPhone = "UIInterfaceOrientationPortrait UIInterfaceOrientationLandscapeLeft UIInterfaceOrientationLandscapeRight";
				LD_RUNPATH_SEARCH_PATHS = (
					"$(inherited)",
					"@executable_path/Frameworks",
				);
				MARKETING_VERSION = 1.0;
				PRODUCT_BUNDLE_IDENTIFIER = com.kbtu.kz.ChatApp;
				PRODUCT_NAME = "$(TARGET_NAME)";
				SWIFT_EMIT_LOC_STRINGS = YES;
				SWIFT_VERSION = 5.0;
				TARGETED_DEVICE_FAMILY = "1,2";
			};
			name = Debug;
		};
		ECB913E42A692C2600E4B698 /* Release */ = {
			isa = XCBuildConfiguration;
			buildSettings = {
				ASSETCATALOG_COMPILER_APPICON_NAME = AppIcon;
				ASSETCATALOG_COMPILER_GLOBAL_ACCENT_COLOR_NAME = AccentColor;
				CODE_SIGN_STYLE = Automatic;
				CURRENT_PROJECT_VERSION = 1;
				GENERATE_INFOPLIST_FILE = YES;
				INFOPLIST_FILE = ChatApp/Info.plist;
				INFOPLIST_KEY_UIApplicationSupportsIndirectInputEvents = YES;
				INFOPLIST_KEY_UILaunchStoryboardName = Main;
				INFOPLIST_KEY_UIMainStoryboardFile = Main;
				INFOPLIST_KEY_UISupportedInterfaceOrientations_iPad = "UIInterfaceOrientationPortrait UIInterfaceOrientationPortraitUpsideDown UIInterfaceOrientationLandscapeLeft UIInterfaceOrientationLandscapeRight";
				INFOPLIST_KEY_UISupportedInterfaceOrientations_iPhone = "UIInterfaceOrientationPortrait UIInterfaceOrientationLandscapeLeft UIInterfaceOrientationLandscapeRight";
				LD_RUNPATH_SEARCH_PATHS = (
					"$(inherited)",
					"@executable_path/Frameworks",
				);
				MARKETING_VERSION = 1.0;
				PRODUCT_BUNDLE_IDENTIFIER = com.kbtu.kz.ChatApp;
				PRODUCT_NAME = "$(TARGET_NAME)";
				SWIFT_EMIT_LOC_STRINGS = YES;
				SWIFT_VERSION = 5.0;
				TARGETED_DEVICE_FAMILY = "1,2";
			};
			name = Release;
		};
		ECB913F02A692C7900E4B698 /* Debug */ = {
			isa = XCBuildConfiguration;
			buildSettings = {
				BUNDLE_LOADER = "$(TEST_HOST)";
				CODE_SIGN_STYLE = Automatic;
				CURRENT_PROJECT_VERSION = 1;
				GENERATE_INFOPLIST_FILE = YES;
				MARKETING_VERSION = 1.0;
				PRODUCT_BUNDLE_IDENTIFIER = com.kbtu.kz.ChatList;
				PRODUCT_NAME = "$(TARGET_NAME)";
				SWIFT_EMIT_LOC_STRINGS = NO;
				SWIFT_VERSION = 5.0;
				TARGETED_DEVICE_FAMILY = "1,2";
				TEST_HOST = "$(BUILT_PRODUCTS_DIR)/ChatApp.app/ChatApp";
			};
			name = Debug;
		};
		ECB913F12A692C7900E4B698 /* Release */ = {
			isa = XCBuildConfiguration;
			buildSettings = {
				BUNDLE_LOADER = "$(TEST_HOST)";
				CODE_SIGN_STYLE = Automatic;
				CURRENT_PROJECT_VERSION = 1;
				GENERATE_INFOPLIST_FILE = YES;
				MARKETING_VERSION = 1.0;
				PRODUCT_BUNDLE_IDENTIFIER = com.kbtu.kz.ChatList;
				PRODUCT_NAME = "$(TARGET_NAME)";
				SWIFT_EMIT_LOC_STRINGS = NO;
				SWIFT_VERSION = 5.0;
				TARGETED_DEVICE_FAMILY = "1,2";
				TEST_HOST = "$(BUILT_PRODUCTS_DIR)/ChatApp.app/ChatApp";
			};
			name = Release;
		};
/* End XCBuildConfiguration section */

/* Begin XCConfigurationList section */
		ECB913C92A692C2300E4B698 /* Build configuration list for PBXProject "ChatApp" */ = {
			isa = XCConfigurationList;
			buildConfigurations = (
				ECB913E02A692C2600E4B698 /* Debug */,
				ECB913E12A692C2600E4B698 /* Release */,
			);
			defaultConfigurationIsVisible = 0;
			defaultConfigurationName = Release;
		};
		ECB913E22A692C2600E4B698 /* Build configuration list for PBXNativeTarget "ChatApp" */ = {
			isa = XCConfigurationList;
			buildConfigurations = (
				ECB913E32A692C2600E4B698 /* Debug */,
				ECB913E42A692C2600E4B698 /* Release */,
			);
			defaultConfigurationIsVisible = 0;
			defaultConfigurationName = Release;
		};
		ECB913EF2A692C7900E4B698 /* Build configuration list for PBXNativeTarget "ChatList" */ = {
			isa = XCConfigurationList;
			buildConfigurations = (
				ECB913F02A692C7900E4B698 /* Debug */,
				ECB913F12A692C7900E4B698 /* Release */,
			);
			defaultConfigurationIsVisible = 0;
			defaultConfigurationName = Release;
		};
/* End XCConfigurationList section */

/* Begin XCRemoteSwiftPackageReference section */
		ECB914012A6A8CC200E4B698 /* XCRemoteSwiftPackageReference "firebase-ios-sdk" */ = {
			isa = XCRemoteSwiftPackageReference;
			repositoryURL = "https://github.com/firebase/firebase-ios-sdk";
			requirement = {
				branch = master;
				kind = branch;
			};
		};
/* End XCRemoteSwiftPackageReference section */

/* Begin XCSwiftPackageProductDependency section */
		ECB914022A6A8CC200E4B698 /* FirebaseAuth */ = {
			isa = XCSwiftPackageProductDependency;
			package = ECB914012A6A8CC200E4B698 /* XCRemoteSwiftPackageReference "firebase-ios-sdk" */;
			productName = FirebaseAuth;
		};
		ECB914042A6A8CC200E4B698 /* FirebaseDatabase */ = {
			isa = XCSwiftPackageProductDependency;
			package = ECB914012A6A8CC200E4B698 /* XCRemoteSwiftPackageReference "firebase-ios-sdk" */;
			productName = FirebaseDatabase;
		};
		ECB914062A6A8CC200E4B698 /* FirebaseDatabaseSwift */ = {
			isa = XCSwiftPackageProductDependency;
			package = ECB914012A6A8CC200E4B698 /* XCRemoteSwiftPackageReference "firebase-ios-sdk" */;
			productName = FirebaseDatabaseSwift;
		};
		ECB914082A6A8CC200E4B698 /* FirebaseFirestore */ = {
			isa = XCSwiftPackageProductDependency;
			package = ECB914012A6A8CC200E4B698 /* XCRemoteSwiftPackageReference "firebase-ios-sdk" */;
			productName = FirebaseFirestore;
		};
		ECB9140A2A6A8CC200E4B698 /* FirebaseFirestoreSwift */ = {
			isa = XCSwiftPackageProductDependency;
			package = ECB914012A6A8CC200E4B698 /* XCRemoteSwiftPackageReference "firebase-ios-sdk" */;
			productName = FirebaseFirestoreSwift;
		};
		ECB9140C2A6A8CC200E4B698 /* FirebaseStorage */ = {
			isa = XCSwiftPackageProductDependency;
			package = ECB914012A6A8CC200E4B698 /* XCRemoteSwiftPackageReference "firebase-ios-sdk" */;
			productName = FirebaseStorage;
		};
/* End XCSwiftPackageProductDependency section */
	};
	rootObject = ECB913C62A692C2300E4B698 /* Project object */;
}
